{
  "name": "logging_test",
  "version": "1.0.0",
  "lockfileVersion": 1,
  "requires": true,
  "dependencies": {
    "@lifeworks/lambda-request-context": {
      "version": "1.0.0",
      "resolved": "https://registry.npmjs.org/@lifeworks/lambda-request-context/-/lambda-request-context-1.0.0.tgz",
      "integrity": "sha512-qs6AtvWQf5BJmYDmctxFF13uNakBwA5S6byEZyS4o6qtDG2qrLj3khrlHA4FQ6AjuWqe6WOz7fCrIj/r99QU8w=="
    },
    "@lifeworks/logging": {
      "version": "3.1.0",
      "resolved": "https://registry.npmjs.org/@lifeworks/logging/-/logging-3.1.0.tgz",
      "integrity": "sha512-OXGe2+wvEPCK3bxVD7qEEFB9fTreWM7wU5aWBRGgjx6NN0UdTO/pK3nsTEycj2n+jKXFWbz0bGCYYXGUwak1bA==",
      "requires": {
        "@lifeworks/lambda-request-context": "^1.0.0",
        "json-stringify-safe": "^5.0.1"
      }
    },
    "json-stringify-safe": {
      "version": "5.0.1",
      "resolved": "https://registry.npmjs.org/json-stringify-safe/-/json-stringify-safe-5.0.1.tgz",
      "integrity": "sha1-Epai1Y/UXxmg9s4B1lcB4sc1tus="
    }
  }
}
